# This file is automatically @generated by Poetry 1.8.2 and should not be changed by hand.

[[package]]
name = "python-snap7"
version = "2.0.2"
description = "Python wrapper for the snap7 library"
optional = false
python-versions = ">=3.9"
files = [
    {file = "python_snap7-2.0.2-py3-none-macosx_10_9_universal2.whl", hash = "sha256:ef46a030597014c6bd82dd7ec5b5b40817cb60f649d7370cab0c327636843e7d"},
    {file = "python_snap7-2.0.2-py3-none-manylinux_2_28_aarch64.whl", hash = "sha256:b0238f71b83d94d5196437091fec7a0ce635baf7a43a0664561f5b2ecaf5a7f8"},
    {file = "python_snap7-2.0.2-py3-none-manylinux_2_28_x86_64.whl", hash = "sha256:f893f363fdecaa21cf4b0f2648d2c71e30d2924e4f58f0993a6a59a818bdf96e"},
    {file = "python_snap7-2.0.2-py3-none-win_amd64.whl", hash = "sha256:686e62b087a57c121758cba724ece2fb178d86a8e79f512bb40bf5160a6be833"},
    {file = "python_snap7-2.0.2.tar.gz", hash = "sha256:10714da0d198f2c51b521c79dc00a0e273ae42c0abc5d44605a298266960d016"},
]

[package.extras]
cli = ["click", "rich"]
doc = ["sphinx", "sphinx-rtd-theme"]
test = ["mypy", "pytest", "ruff", "tox", "types-click", "types-setuptools", "uv"]

[metadata]
lock-version = "2.0"
python-versions = "^3.11"
content-hash = "5aeac20d387017c6c68351b4f2f15ef3d7bf4532481fc6991e93e16f95f6a628"
